
Microsoft Visual Studio Solution File, Format Version 12.00
# Visual Studio Version 17
VisualStudioVersion = 17.6.33829.357
MinimumVisualStudioVersion = 10.0.40219.1
Project("{FAE04EC0-301F-11D3-BF4B-00C04F79EFBC}") = "Bankaccount", "Bankaccount.csproj", "{8AA0C494-B4CA-48C0-BD8A-48D032FB8F12}"
EndProject
Global
	GlobalSection(SolutionConfigurationPlatforms) = preSolution
		Debug|Any CPU = Debug|Any CPU
		Release|Any CPU = Release|Any CPU
	EndGlobalSection
	GlobalSection(ProjectConfigurationPlatforms) = postSolution
		{8AA0C494-B4CA-48C0-BD8A-48D032FB8F12}.Debug|Any CPU.ActiveCfg = Debug|Any CPU
		{8AA0C494-B4CA-48C0-BD8A-48D032FB8F12}.Debug|Any CPU.Build.0 = Debug|Any CPU
		{8AA0C494-B4CA-48C0-BD8A-48D032FB8F12}.Release|Any CPU.ActiveCfg = Release|Any CPU
		{8AA0C494-B4CA-48C0-BD8A-48D032FB8F12}.Release|Any CPU.Build.0 = Release|Any CPU
	EndGlobalSection
	GlobalSection(SolutionProperties) = preSolution
		HideSolutionNode = FALSE
	EndGlobalSection
	GlobalSection(ExtensibilityGlobals) = postSolution
		SolutionGuid = {C9A01866-6406-44D7-BF6B-612E9AF6DDAB}
	EndGlobalSection
EndGlobal
